// !$*UTF8*$!
{
	archiveVersion = 1;
	classes = {
	};
	objectVersion = 46;
	objects = {

/* Begin PBXBuildFile section */
		F44775391D0D60CE00454022 /* AppDelegate.swift in Sources */ = {isa = PBXBuildFile; fileRef = F44775381D0D60CE00454022 /* AppDelegate.swift */; };
		F447753B1D0D60CE00454022 /* ViewController.swift in Sources */ = {isa = PBXBuildFile; fileRef = F447753A1D0D60CE00454022 /* ViewController.swift */; };
		F447753E1D0D60CE00454022 /* Main.storyboard in Resources */ = {isa = PBXBuildFile; fileRef = F447753C1D0D60CE00454022 /* Main.storyboard */; };
		F44775401D0D60CE00454022 /* Assets.xcassets in Resources */ = {isa = PBXBuildFile; fileRef = F447753F1D0D60CE00454022 /* Assets.xcassets */; };
		F447754D1D0D622D00454022 /* launchImage.png in Resources */ = {isa = PBXBuildFile; fileRef = F447754C1D0D622D00454022 /* launchImage.png */; };
/* End PBXBuildFile section */

/* Begin PBXFileReference section */
		F44775351D0D60CE00454022 /* LaunchImage.app */ = {isa = PBXFileReference; explicitFileType = wrapper.application; includeInIndex = 0; path = LaunchImage.app; sourceTree = BUILT_PRODUCTS_DIR; };
		F44775381D0D60CE00454022 /* AppDelegate.swift */ = {isa = PBXFileReference; lastKnownFileType = sourcecode.swift; path = AppDelegate.swift; sourceTree = "<group>"; };
		F447753A1D0D60CE00454022 /* ViewController.swift */ = {isa = PBXFileReference; lastKnownFileType = sourcecode.swift; path = ViewController.swift; sourceTree = "<group>"; };
		F447753D1D0D60CE00454022 /* Base */ = {isa = PBXFileReference; lastKnownFileType = file.storyboard; name = Base; path = Base.lproj/Main.storyboard; sourceTree = "<group>"; };
		F447753F1D0D60CE00454022 /* Assets.xcassets */ = {isa = PBXFileReference; lastKnownFileType = folder.assetcatalog; path = Assets.xcassets; sourceTree = "<group>"; };
		F44775441D0D60CE00454022 /* Info.plist */ = {isa = PBXFileReference; lastKnownFileType = text.plist.xml; path = Info.plist; sourceTree = "<group>"; };
		F447754C1D0D622D00454022 /* launchImage.png */ = {isa = PBXFileReference; lastKnownFileType = image.png; path = launchImage.png; sourceTree = "<group>"; };
/* End PBXFileReference section */

/* Begin PBXFrameworksBuildPhase section */
		F44775321D0D60CE00454022 /* Frameworks */ = {
			isa = PBXFrameworksBuildPhase;
			buildActionMask = 2147483647;
			files = (
			);
			runOnlyForDeploymentPostprocessing = 0;
		};
/* End PBXFrameworksBuildPhase section */

/* Begin PBXGroup section */
		F447752C1D0D60CE00454022 = {
			isa = PBXGroup;
			children = (
				F44775371D0D60CE00454022 /* LaunchImage */,
				F44775361D0D60CE00454022 /* Products */,
			);
			sourceTree = "<group>";
		};
		F44775361D0D60CE00454022 /* Products */ = {
			isa = PBXGroup;
			children = (
				F44775351D0D60CE00454022 /* LaunchImage.app */,
			);
			name = Products;
			sourceTree = "<group>";
		};
		F44775371D0D60CE00454022 /* LaunchImage */ = {
			isa = PBXGroup;
			children = (
				F447754C1D0D622D00454022 /* launchImage.png */,
				F44775381D0D60CE00454022 /* AppDelegate.swift */,
				F447753A1D0D60CE00454022 /* ViewController.swift */,
				F447753C1D0D60CE00454022 /* Main.storyboard */,
				F447753F1D0D60CE00454022 /* Assets.xcassets */,
				F44775441D0D60CE00454022 /* Info.plist */,
			);
			path = LaunchImage;
			sourceTree = "<group>";
		};
/* End PBXGroup section */

/* Begin PBXNativeTarget section */
		F44775341D0D60CE00454022 /* LaunchImage */ = {
			isa = PBXNativeTarget;
			buildConfigurationList = F44775471D0D60CE00454022 /* Build configuration list for PBXNativeTarget "LaunchImage" */;
			buildPhases = (
				F44775311D0D60CE00454022 /* Sources */,
				F44775321D0D60CE00454022 /* Frameworks */,
				F44775331D0D60CE00454022 /* Resources */,
			);
			buildRules = (
			);
			dependencies = (
			);
			name = LaunchImage;
			productName = LaunchImage;
			productReference = F44775351D0D60CE00454022 /* LaunchImage.app */;
			productType = "com.apple.product-type.application";
		};
/* End PBXNativeTarget section */

/* Begin PBXProject section */
		F447752D1D0D60CE00454022 /* Project object */ = {
			isa = PBXProject;
			attributes = {
				LastSwiftUpdateCheck = 0730;
				LastUpgradeCheck = 0730;
				ORGANIZATIONNAME = obizsoft;
				TargetAttributes = {
					F44775341D0D60CE00454022 = {
						CreatedOnToolsVersion = 7.3;
					};
				};
			};
			buildConfigurationList = F44775301D0D60CE00454022 /* Build configuration list for PBXProject "LaunchImage" */;
			compatibilityVersion = "Xcode 3.2";
			developmentRegion = English;
			hasScannedForEncodings = 0;
			knownRegions = (
				en,
				Base,
			);
			mainGroup = F447752C1D0D60CE00454022;
			productRefGroup = F44775361D0D60CE00454022 /* Products */;
			projectDirPath = "";
			projectRoot = "";
			targets = (
				F44775341D0D60CE00454022 /* LaunchImage */,
			);
		};
/* End PBXProject section */

/* Begin PBXResourcesBuildPhase section */
		F44775331D0D60CE00454022 /* Resources */ = {
			isa = PBXResourcesBuildPhase;
			buildActionMask = 2147483647;
			files = (
				F447754D1D0D622D00454022 /* launchImage.png in Resources */,
				F44775401D0D60CE00454022 /* Assets.xcassets in Resources */,
				F447753E1D0D60CE00454022 /* Main.storyboard in Resources */,
			);
			runOnlyForDeploymentPostprocessing = 0;
		};
/* End PBXResourcesBuildPhase section */

/* Begin PBXSourcesBuildPhase section */
		F44775311D0D60CE00454022 /* Sources */ = {
			isa = PBXSourcesBuildPhase;
			buildActionMask = 2147483647;
			files = (
				F447753B1D0D60CE00454022 /* ViewController.swift in Sources */,
				F44775391D0D60CE00454022 /* AppDelegate.swift in Sources */,
			);
			runOnlyForDeploymentPostprocessing = 0;
		};
/* End PBXSourcesBuildPhase section */

/* Begin PBXVariantGroup section */
		F447753C1D0D60CE00454022 /* Main.storyboard */ = {
			isa = PBXVariantGroup;
			children = (
				F447753D1D0D60CE00454022 /* Base */,
			);
			name = Main.storyboard;
			sourceTree = "<group>";
		};
/* End PBXVariantGroup section */

/* Begin XCBuildConfiguration section */
		F44775451D0D60CE00454022 /* Debug */ = {
			isa = XCBuildConfiguration;
			buildSettings = {
				ALWAYS_SEARCH_USER_PATHS = NO;
				CLANG_ANALYZER_NONNULL = YES;
				CLANG_CXX_LANGUAGE_STANDARD = "gnu++0x";
				CLANG_CXX_LIBRARY = "libc++";
				CLANG_ENABLE_MODULES = YES;
				CLANG_ENABLE_OBJC_ARC = YES;
				CLANG_WARN_BOOL_CONVERSION = YES;
				CLANG_WARN_CONSTANT_CONVERSION = YES;
				CLANG_WARN_DIRECT_OBJC_ISA_USAGE = YES_ERROR;
				CLANG_WARN_EMPTY_BODY = YES;
				CLANG_WARN_ENUM_CONVERSION = YES;
				CLANG_WARN_INT_CONVERSION = YES;
				CLANG_WARN_OBJC_ROOT_CLASS = YES_ERROR;
				CLANG_WARN_UNREACHABLE_CODE = YES;
				CLANG_WARN__DUPLICATE_METHOD_MATCH = YES;
				"CODE_SIGN_IDENTITY[sdk=iphoneos*]" = "iPhone Developer";
				COPY_PHASE_STRIP = NO;
				DEBUG_INFORMATION_FORMAT = dwarf;
				ENABLE_STRICT_OBJC_MSGSEND = YES;
				ENABLE_TESTABILITY = YES;
				GCC_C_LANGUAGE_STANDARD = gnu99;
				GCC_DYNAMIC_NO_PIC = NO;
				GCC_NO_COMMON_BLOCKS = YES;
				GCC_OPTIMIZATION_LEVEL = 0;
				GCC_PREPROCESSOR_DEFINITIONS = (
					"DEBUG=1",
					"$(inherited)",
				);
				GCC_WARN_64_TO_32_BIT_CONVERSION = YES;
				GCC_WARN_ABOUT_RETURN_TYPE = YES_ERROR;
				GCC_WARN_UNDECLARED_SELECTOR = YES;
				GCC_WARN_UNINITIALIZED_AUTOS = YES_AGGRESSIVE;
				GCC_WARN_UNUSED_FUNCTION = YES;
				GCC_WARN_UNUSED_VARIABLE = YES;
				IPHONEOS_DEPLOYMENT_TARGET = 9.3;
				MTL_ENABLE_DEBUG_INFO = YES;
				ONLY_ACTIVE_ARCH = YES;
				SDKROOT = iphoneos;
				SWIFT_OPTIMIZATION_LEVEL = "-Onone";
			};
			name = Debug;
		};
		F44775461D0D60CE00454022 /* Release */ = {
			isa = XCBuildConfiguration;
			buildSettings = {
				ALWAYS_SEARCH_USER_PATHS = NO;
				CLANG_ANALYZER_NONNULL = YES;
				CLANG_CXX_LANGUAGE_STANDARD = "gnu++0x";
				CLANG_CXX_LIBRARY = "libc++";
				CLANG_ENABLE_MODULES = YES;
				CLANG_ENABLE_OBJC_ARC = YES;
				CLANG_WARN_BOOL_CONVERSION = YES;
				CLANG_WARN_CONSTANT_CONVERSION = YES;
				CLANG_WARN_DIRECT_OBJC_ISA_USAGE = YES_ERROR;
				CLANG_WARN_EMPTY_BODY = YES;
				CLANG_WARN_ENUM_CONVERSION = YES;
				CLANG_WARN_INT_CONVERSION = YES;
				CLANG_WARN_OBJC_ROOT_CLASS = YES_ERROR;
				CLANG_WARN_UNREACHABLE_CODE = YES;
				CLANG_WARN__DUPLICATE_METHOD_MATCH = YES;
				"CODE_SIGN_IDENTITY[sdk=iphoneos*]" = "iPhone Developer";
				COPY_PHASE_STRIP = NO;
				DEBUG_INFORMATION_FORMAT = "dwarf-with-dsym";
				ENABLE_NS_ASSERTIONS = NO;
				ENABLE_STRICT_OBJC_MSGSEND = YES;
				GCC_C_LANGUAGE_STANDARD = gnu99;
				GCC_NO_COMMON_BLOCKS = YES;
				GCC_WARN_64_TO_32_BIT_CONVERSION = YES;
				GCC_WARN_ABOUT_RETURN_TYPE = YES_ERROR;
				GCC_WARN_UNDECLARED_SELECTOR = YES;
				GCC_WARN_UNINITIALIZED_AUTOS = YES_AGGRESSIVE;
				GCC_WARN_UNUSED_FUNCTION = YES;
				GCC_WARN_UNUSED_VARIABLE = YES;
				IPHONEOS_DEPLOYMENT_TARGET = 9.3;
				MTL_ENABLE_DEBUG_INFO = NO;
				SDKROOT = iphoneos;
				VALIDATE_PRODUCT = YES;
			};
			name = Release;
		};
		F44775481D0D60CE00454022 /* Debug */ = {
			isa = XCBuildConfiguration;
			buildSettings = {
				ASSETCATALOG_COMPILER_APPICON_NAME = AppIcon;
				ASSETCATALOG_COMPILER_LAUNCHIMAGE_NAME = LaunchImage;
				INFOPLIST_FILE = LaunchImage/Info.plist;
				LD_RUNPATH_SEARCH_PATHS = "$(inherited) @executable_path/Frameworks";
				PRODUCT_BUNDLE_IDENTIFIER = com.obizsoft.LaunchImage;
				PRODUCT_NAME = "$(TARGET_NAME)";
			};
			name = Debug;
		};
		F44775491D0D60CE00454022 /* Release */ = {
			isa = XCBuildConfiguration;
			buildSettings = {
				ASSETCATALOG_COMPILER_APPICON_NAME = AppIcon;
				ASSETCATALOG_COMPILER_LAUNCHIMAGE_NAME = LaunchImage;
				INFOPLIST_FILE = LaunchImage/Info.plist;
				LD_RUNPATH_SEARCH_PATHS = "$(inherited) @executable_path/Frameworks";
				PRODUCT_BUNDLE_IDENTIFIER = com.obizsoft.LaunchImage;
				PRODUCT_NAME = "$(TARGET_NAME)";
			};
			name = Release;
		};
/* End XCBuildConfiguration section */

/* Begin XCConfigurationList section */
		F44775301D0D60CE00454022 /* Build configuration list for PBXProject "LaunchImage" */ = {
			isa = XCConfigurationList;
			buildConfigurations = (
				F44775451D0D60CE00454022 /* Debug */,
				F44775461D0D60CE00454022 /* Release */,
			);
			defaultConfigurationIsVisible = 0;
			defaultConfigurationName = Release;
		};
		F44775471D0D60CE00454022 /* Build configuration list for PBXNativeTarget "LaunchImage" */ = {
			isa = XCConfigurationList;
			buildConfigurations = (
				F44775481D0D60CE00454022 /* Debug */,
				F44775491D0D60CE00454022 /* Release */,
			);
			defaultConfigurationIsVisible = 0;
		};
/* End XCConfigurationList section */
	};
	rootObject = F447752D1D0D60CE00454022 /* Project object */;
}
